{
  "name": "lets-test",
  "version": "1.0.0",
  "lockfileVersion": 1,
  "requires": true,
  "dependencies": {
    "bs-platform": {
      "version": "5.0.3",
      "resolved": "https://registry.npmjs.org/bs-platform/-/bs-platform-5.0.3.tgz",
      "integrity": "sha512-GAeypBebeDGTay5kJ3v5Z3Whp1Q4zQ0hAttflVtPG3zps88xDZnVAlS3JGIIBDmJFEMyNtv5947a/IWKvWXcPw==",
      "dev": true
    },
    "buffer-crc32": {
      "version": "0.2.13",
      "resolved": "https://registry.npmjs.org/buffer-crc32/-/buffer-crc32-0.2.13.tgz",
      "integrity": "sha1-DTM+PwDqxQqhRUq9MO+MKl2ackI=",
      "dev": true
    },
    "fd-slicer": {
      "version": "1.1.0",
      "resolved": "https://registry.npmjs.org/fd-slicer/-/fd-slicer-1.1.0.tgz",
      "integrity": "sha1-JcfInLH5B3+IkbvmHY85Dq4lbx4=",
      "dev": true,
      "requires": {
        "pend": "~1.2.0"
      }
    },
    "let-anything": {
      "version": "1.0.3",
      "resolved": "https://registry.npmjs.org/let-anything/-/let-anything-1.0.3.tgz",
      "integrity": "sha512-cq3cWtklrAy2B+Fcl/PodvaCRGl2RDP2NjwFogsqRXE7Q1nsEtHpFlL1PmgNRj0+7bSYtt5fEyQmPmHlVTzvNQ==",
      "dev": true,
      "requires": {
        "bsb-native": "4.0.6"
      },
      "dependencies": {
        "bsb-native": {
          "version": "4.0.6",
          "resolved": "https://registry.npmjs.org/bsb-native/-/bsb-native-4.0.6.tgz",
          "integrity": "sha512-T1MkndnmA4StiKK2UvEftrqANN+h9StlLghBbwmKa833d97D86np+2wmIOw5Rqy6rNW3D076A2G51mooWTUwfQ==",
          "dev": true,
          "requires": {
            "yauzl": "^2.9.1"
          }
        }
      }
    },
    "pend": {
      "version": "1.2.0",
      "resolved": "https://registry.npmjs.org/pend/-/pend-1.2.0.tgz",
      "integrity": "sha1-elfrVQpng/kRUzH89GY9XI4AelA=",
      "dev": true
    },
    "yauzl": {
      "version": "2.10.0",
      "resolved": "https://registry.npmjs.org/yauzl/-/yauzl-2.10.0.tgz",
      "integrity": "sha1-x+sXyT4RLLEIb6bY5R+wZnt5pfk=",
      "dev": true,
      "requires": {
        "buffer-crc32": "~0.2.3",
        "fd-slicer": "~1.1.0"
      }
    }
  }
}
